
Microsoft Visual Studio Solution File, Format Version 12.00
# Visual Studio Version 16
VisualStudioVersion = 16.0.31729.503
MinimumVisualStudioVersion = 10.0.40219.1
Project("{9A19103F-16F7-4668-BE54-9A1E7A4F7556}") = "I01", "I01\I01.csproj", "{CD3DF154-E629-43CE-BEF0-882448505067}"
EndProject
Project("{9A19103F-16F7-4668-BE54-9A1E7A4F7556}") = "I02", "I02\I02.csproj", "{94C0DFE5-9DF4-4F42-881F-D97A5E989C03}"
EndProject
Project("{9A19103F-16F7-4668-BE54-9A1E7A4F7556}") = "I03", "I03\I03.csproj", "{68160BA6-0B7F-4039-AC7E-1A0035F488CE}"
EndProject
Project("{2150E333-8FDC-42A3-9474-1A3956D46DE8}") = "NET_U1", "NET_U1", "{F351F7D8-3445-4B95-8A6C-36B6EA7A2C69}"
EndProject
Project("{9A19103F-16F7-4668-BE54-9A1E7A4F7556}") = "I04", "I04\I04.csproj", "{604502D1-942B-4606-8C9C-05245B882945}"
EndProject
Project("{9A19103F-16F7-4668-BE54-9A1E7A4F7556}") = "I05", "I05\I05.csproj", "{7ABEBB4B-D598-46D0-A43B-2C0DF12A1827}"
EndProject
Project("{9A19103F-16F7-4668-BE54-9A1E7A4F7556}") = "I06", "I06\I06.csproj", "{FD82E6D7-86F2-4741-84B2-8585F673F078}"
EndProject
Project("{9A19103F-16F7-4668-BE54-9A1E7A4F7556}") = "I07", "I07\I07.csproj", "{183BEB88-7B20-4F3F-BA9B-4063CBC01536}"
EndProject
Project("{9A19103F-16F7-4668-BE54-9A1E7A4F7556}") = "I08", "I08\I08.csproj", "{A5EF89B3-911B-47D8-B82D-FECF942BA29C}"
EndProject
Project("{9A19103F-16F7-4668-BE54-9A1E7A4F7556}") = "I09", "I09\I09.csproj", "{4FE26AD0-408F-4CD4-917A-DA7D66104C00}"
EndProject
Project("{2150E333-8FDC-42A3-9474-1A3956D46DE8}") = "Clases", "Clases", "{1BE7EC1A-595B-418D-9220-807346DD77F7}"
EndProject
Project("{2150E333-8FDC-42A3-9474-1A3956D46DE8}") = "Clase_03", "Clase_03", "{85B5BE92-EF17-4C89-AB0C-AE2EE5939CE3}"
EndProject
Project("{2150E333-8FDC-42A3-9474-1A3956D46DE8}") = "POO", "POO", "{DCA3D91B-8010-4801-99A0-D3AB75BA034A}"
EndProject
Project("{9A19103F-16F7-4668-BE54-9A1E7A4F7556}") = "U3I01", "U3I01\U3I01.csproj", "{C601EFEF-325A-4337-AD89-120E9AB55819}"
EndProject
Project("{9A19103F-16F7-4668-BE54-9A1E7A4F7556}") = "U3I01_BC", "U3I01_BC\U3I01_BC.csproj", "{A714E7BE-A59B-45B2-8137-C8925571EACE}"
EndProject
Project("{2150E333-8FDC-42A3-9474-1A3956D46DE8}") = "I01", "I01", "{77FD5ABC-6739-4003-970B-C45533E8A22F}"
EndProject
Project("{2150E333-8FDC-42A3-9474-1A3956D46DE8}") = "I03", "I03", "{6514AC1A-56F7-4869-8C37-8E79A3543E85}"
EndProject
Project("{9A19103F-16F7-4668-BE54-9A1E7A4F7556}") = "U3I03", "U3I03\U3I03.csproj", "{4A3364E6-4544-4F3E-9441-302A96A6D684}"
EndProject
Project("{9A19103F-16F7-4668-BE54-9A1E7A4F7556}") = "Entidades_U3I03", "Entidades_U3I03\Entidades_U3I03.csproj", "{6FF02181-AE9E-4F47-8884-B6DE870E6E6B}"
EndProject
Project("{2150E333-8FDC-42A3-9474-1A3956D46DE8}") = "I02", "I02", "{77FC80E2-71E3-44F8-A6D1-516A9E6958A6}"
EndProject
Project("{9A19103F-16F7-4668-BE54-9A1E7A4F7556}") = "U3I02", "U3I02\U3I02.csproj", "{3AD7DFB5-033C-49D2-8D0C-528D53A225D0}"
EndProject
Project("{9A19103F-16F7-4668-BE54-9A1E7A4F7556}") = "Entidades_U3I02", "Entidades_U3I02\Entidades_U3I02.csproj", "{3122B4E7-6F8E-43F6-A577-A78C04482671}"
EndProject
Project("{2150E333-8FDC-42A3-9474-1A3956D46DE8}") = "I04", "I04", "{A1FF9E0C-56DA-4A5C-8C2D-AD7801A4B748}"
EndProject
Project("{9A19103F-16F7-4668-BE54-9A1E7A4F7556}") = "U3I04", "U3I04\U3I04.csproj", "{A6CC069C-AC33-4232-9467-08358D89436D}"
EndProject
Project("{9A19103F-16F7-4668-BE54-9A1E7A4F7556}") = "Entidades_U3I04", "Entidades_U3I04\Entidades_U3I04.csproj", "{B945C29A-E098-47F9-AFA5-6FAC484BBDDF}"
EndProject
Project("{2150E333-8FDC-42A3-9474-1A3956D46DE8}") = "Clase_04", "Clase_04", "{6C464196-4D92-495E-A000-B43C53B52AA5}"
EndProject
Project("{9A19103F-16F7-4668-BE54-9A1E7A4F7556}") = "UI", "UI\UI.csproj", "{40660F40-66BF-4C1C-AEDB-83873F34C97C}"
EndProject
Project("{9A19103F-16F7-4668-BE54-9A1E7A4F7556}") = "Logica", "Logica\Logica.csproj", "{1F4F0173-4170-4F8B-BDEE-A76366833A17}"
EndProject
Project("{2150E333-8FDC-42A3-9474-1A3956D46DE8}") = "I05", "I05", "{719EA5B4-20DA-4A20-9BC8-B81126C54AB4}"
EndProject
Project("{9A19103F-16F7-4668-BE54-9A1E7A4F7556}") = "Entidades_U3I05", "Entidades_U3I05\Entidades_U3I05.csproj", "{ACA6EA48-FC0A-4F54-9468-C9C822FCC018}"
EndProject
Project("{9A19103F-16F7-4668-BE54-9A1E7A4F7556}") = "U3I05", "U3_I05\U3I05.csproj", "{C66F9DAC-E736-4FE0-A94E-3376161D0901}"
EndProject
Project("{2150E333-8FDC-42A3-9474-1A3956D46DE8}") = "A01", "A01", "{1A7E156B-A698-458E-B260-FF11AB6396D2}"
EndProject
Project("{9A19103F-16F7-4668-BE54-9A1E7A4F7556}") = "U3A01", "U3A01\U3A01.csproj", "{C6B60048-6284-4BCF-BB28-4F211A430E6F}"
EndProject
Project("{9A19103F-16F7-4668-BE54-9A1E7A4F7556}") = "Entidades_U3A01", "Entidades_U3A01\Entidades_U3A01.csproj", "{5563ED36-96A5-4154-B1E7-8758CAFCFA0C}"
EndProject
Project("{2150E333-8FDC-42A3-9474-1A3956D46DE8}") = "Sobrecargas", "Sobrecargas", "{C41E5A3C-AEBE-489E-AF1F-36B4DB717766}"
EndProject
Project("{2150E333-8FDC-42A3-9474-1A3956D46DE8}") = "I01", "I01", "{F42C2971-31AD-4FA2-8983-A78F19276BFE}"
EndProject
Project("{9A19103F-16F7-4668-BE54-9A1E7A4F7556}") = "Entidades_U4I01", "Entidades_U4I01\Entidades_U4I01.csproj", "{6A3887C7-4309-41BB-B325-9D17867AD603}"
EndProject
Project("{9A19103F-16F7-4668-BE54-9A1E7A4F7556}") = "U4I01", "U4I01\U4I01.csproj", "{46A78F43-35A0-4001-91EE-ADA995232E09}"
EndProject
Project("{2150E333-8FDC-42A3-9474-1A3956D46DE8}") = "I02", "I02", "{9DE77C5C-B9AA-45E1-9564-1A113016E569}"
EndProject
Project("{FAE04EC0-301F-11D3-BF4B-00C04F79EFBC}") = "Billetes", "Billetes\Billetes.csproj", "{F8AB39C1-0B4E-464C-AA27-5CFB51A3DE18}"
EndProject
Project("{2150E333-8FDC-42A3-9474-1A3956D46DE8}") = "C02", "C02", "{CD94B008-CB29-4B20-911D-C523ACECDD1C}"
EndProject
Project("{FAE04EC0-301F-11D3-BF4B-00C04F79EFBC}") = "Entidades_U4C02", "Entidades_U4C02\Entidades_U4C02.csproj", "{F8032D56-BFFB-425B-A527-ED9A46ED5E15}"
EndProject
Project("{FAE04EC0-301F-11D3-BF4B-00C04F79EFBC}") = "U4C02", "U4C02\U4C02.csproj", "{C7C8BA47-A4D4-4F9D-B5A4-86FEBD08AF5F}"
EndProject
Global
	GlobalSection(SolutionConfigurationPlatforms) = preSolution
		Debug|Any CPU = Debug|Any CPU
		Release|Any CPU = Release|Any CPU
	EndGlobalSection
	GlobalSection(ProjectConfigurationPlatforms) = postSolution
		{CD3DF154-E629-43CE-BEF0-882448505067}.Debug|Any CPU.ActiveCfg = Debug|Any CPU
		{CD3DF154-E629-43CE-BEF0-882448505067}.Debug|Any CPU.Build.0 = Debug|Any CPU
		{CD3DF154-E629-43CE-BEF0-882448505067}.Release|Any CPU.ActiveCfg = Release|Any CPU
		{CD3DF154-E629-43CE-BEF0-882448505067}.Release|Any CPU.Build.0 = Release|Any CPU
		{94C0DFE5-9DF4-4F42-881F-D97A5E989C03}.Debug|Any CPU.ActiveCfg = Debug|Any CPU
		{94C0DFE5-9DF4-4F42-881F-D97A5E989C03}.Debug|Any CPU.Build.0 = Debug|Any CPU
		{94C0DFE5-9DF4-4F42-881F-D97A5E989C03}.Release|Any CPU.ActiveCfg = Release|Any CPU
		{94C0DFE5-9DF4-4F42-881F-D97A5E989C03}.Release|Any CPU.Build.0 = Release|Any CPU
		{68160BA6-0B7F-4039-AC7E-1A0035F488CE}.Debug|Any CPU.ActiveCfg = Debug|Any CPU
		{68160BA6-0B7F-4039-AC7E-1A0035F488CE}.Debug|Any CPU.Build.0 = Debug|Any CPU
		{68160BA6-0B7F-4039-AC7E-1A0035F488CE}.Release|Any CPU.ActiveCfg = Release|Any CPU
		{68160BA6-0B7F-4039-AC7E-1A0035F488CE}.Release|Any CPU.Build.0 = Release|Any CPU
		{604502D1-942B-4606-8C9C-05245B882945}.Debug|Any CPU.ActiveCfg = Debug|Any CPU
		{604502D1-942B-4606-8C9C-05245B882945}.Debug|Any CPU.Build.0 = Debug|Any CPU
		{604502D1-942B-4606-8C9C-05245B882945}.Release|Any CPU.ActiveCfg = Release|Any CPU
		{604502D1-942B-4606-8C9C-05245B882945}.Release|Any CPU.Build.0 = Release|Any CPU
		{7ABEBB4B-D598-46D0-A43B-2C0DF12A1827}.Debug|Any CPU.ActiveCfg = Debug|Any CPU
		{7ABEBB4B-D598-46D0-A43B-2C0DF12A1827}.Debug|Any CPU.Build.0 = Debug|Any CPU
		{7ABEBB4B-D598-46D0-A43B-2C0DF12A1827}.Release|Any CPU.ActiveCfg = Release|Any CPU
		{7ABEBB4B-D598-46D0-A43B-2C0DF12A1827}.Release|Any CPU.Build.0 = Release|Any CPU
		{FD82E6D7-86F2-4741-84B2-8585F673F078}.Debug|Any CPU.ActiveCfg = Debug|Any CPU
		{FD82E6D7-86F2-4741-84B2-8585F673F078}.Debug|Any CPU.Build.0 = Debug|Any CPU
		{FD82E6D7-86F2-4741-84B2-8585F673F078}.Release|Any CPU.ActiveCfg = Release|Any CPU
		{FD82E6D7-86F2-4741-84B2-8585F673F078}.Release|Any CPU.Build.0 = Release|Any CPU
		{183BEB88-7B20-4F3F-BA9B-4063CBC01536}.Debug|Any CPU.ActiveCfg = Debug|Any CPU
		{183BEB88-7B20-4F3F-BA9B-4063CBC01536}.Debug|Any CPU.Build.0 = Debug|Any CPU
		{183BEB88-7B20-4F3F-BA9B-4063CBC01536}.Release|Any CPU.ActiveCfg = Release|Any CPU
		{183BEB88-7B20-4F3F-BA9B-4063CBC01536}.Release|Any CPU.Build.0 = Release|Any CPU
		{A5EF89B3-911B-47D8-B82D-FECF942BA29C}.Debug|Any CPU.ActiveCfg = Debug|Any CPU
		{A5EF89B3-911B-47D8-B82D-FECF942BA29C}.Debug|Any CPU.Build.0 = Debug|Any CPU
		{A5EF89B3-911B-47D8-B82D-FECF942BA29C}.Release|Any CPU.ActiveCfg = Release|Any CPU
		{A5EF89B3-911B-47D8-B82D-FECF942BA29C}.Release|Any CPU.Build.0 = Release|Any CPU
		{4FE26AD0-408F-4CD4-917A-DA7D66104C00}.Debug|Any CPU.ActiveCfg = Debug|Any CPU
		{4FE26AD0-408F-4CD4-917A-DA7D66104C00}.Debug|Any CPU.Build.0 = Debug|Any CPU
		{4FE26AD0-408F-4CD4-917A-DA7D66104C00}.Release|Any CPU.ActiveCfg = Release|Any CPU
		{4FE26AD0-408F-4CD4-917A-DA7D66104C00}.Release|Any CPU.Build.0 = Release|Any CPU
		{C601EFEF-325A-4337-AD89-120E9AB55819}.Debug|Any CPU.ActiveCfg = Debug|Any CPU
		{C601EFEF-325A-4337-AD89-120E9AB55819}.Debug|Any CPU.Build.0 = Debug|Any CPU
		{C601EFEF-325A-4337-AD89-120E9AB55819}.Release|Any CPU.ActiveCfg = Release|Any CPU
		{C601EFEF-325A-4337-AD89-120E9AB55819}.Release|Any CPU.Build.0 = Release|Any CPU
		{A714E7BE-A59B-45B2-8137-C8925571EACE}.Debug|Any CPU.ActiveCfg = Debug|Any CPU
		{A714E7BE-A59B-45B2-8137-C8925571EACE}.Debug|Any CPU.Build.0 = Debug|Any CPU
		{A714E7BE-A59B-45B2-8137-C8925571EACE}.Release|Any CPU.ActiveCfg = Release|Any CPU
		{A714E7BE-A59B-45B2-8137-C8925571EACE}.Release|Any CPU.Build.0 = Release|Any CPU
		{4A3364E6-4544-4F3E-9441-302A96A6D684}.Debug|Any CPU.ActiveCfg = Debug|Any CPU
		{4A3364E6-4544-4F3E-9441-302A96A6D684}.Debug|Any CPU.Build.0 = Debug|Any CPU
		{4A3364E6-4544-4F3E-9441-302A96A6D684}.Release|Any CPU.ActiveCfg = Release|Any CPU
		{4A3364E6-4544-4F3E-9441-302A96A6D684}.Release|Any CPU.Build.0 = Release|Any CPU
		{6FF02181-AE9E-4F47-8884-B6DE870E6E6B}.Debug|Any CPU.ActiveCfg = Debug|Any CPU
		{6FF02181-AE9E-4F47-8884-B6DE870E6E6B}.Debug|Any CPU.Build.0 = Debug|Any CPU
		{6FF02181-AE9E-4F47-8884-B6DE870E6E6B}.Release|Any CPU.ActiveCfg = Release|Any CPU
		{6FF02181-AE9E-4F47-8884-B6DE870E6E6B}.Release|Any CPU.Build.0 = Release|Any CPU
		{3AD7DFB5-033C-49D2-8D0C-528D53A225D0}.Debug|Any CPU.ActiveCfg = Debug|Any CPU
		{3AD7DFB5-033C-49D2-8D0C-528D53A225D0}.Debug|Any CPU.Build.0 = Debug|Any CPU
		{3AD7DFB5-033C-49D2-8D0C-528D53A225D0}.Release|Any CPU.ActiveCfg = Release|Any CPU
		{3AD7DFB5-033C-49D2-8D0C-528D53A225D0}.Release|Any CPU.Build.0 = Release|Any CPU
		{3122B4E7-6F8E-43F6-A577-A78C04482671}.Debug|Any CPU.ActiveCfg = Debug|Any CPU
		{3122B4E7-6F8E-43F6-A577-A78C04482671}.Debug|Any CPU.Build.0 = Debug|Any CPU
		{3122B4E7-6F8E-43F6-A577-A78C04482671}.Release|Any CPU.ActiveCfg = Release|Any CPU
		{3122B4E7-6F8E-43F6-A577-A78C04482671}.Release|Any CPU.Build.0 = Release|Any CPU
		{A6CC069C-AC33-4232-9467-08358D89436D}.Debug|Any CPU.ActiveCfg = Debug|Any CPU
		{A6CC069C-AC33-4232-9467-08358D89436D}.Debug|Any CPU.Build.0 = Debug|Any CPU
		{A6CC069C-AC33-4232-9467-08358D89436D}.Release|Any CPU.ActiveCfg = Release|Any CPU
		{A6CC069C-AC33-4232-9467-08358D89436D}.Release|Any CPU.Build.0 = Release|Any CPU
		{B945C29A-E098-47F9-AFA5-6FAC484BBDDF}.Debug|Any CPU.ActiveCfg = Debug|Any CPU
		{B945C29A-E098-47F9-AFA5-6FAC484BBDDF}.Debug|Any CPU.Build.0 = Debug|Any CPU
		{B945C29A-E098-47F9-AFA5-6FAC484BBDDF}.Release|Any CPU.ActiveCfg = Release|Any CPU
		{B945C29A-E098-47F9-AFA5-6FAC484BBDDF}.Release|Any CPU.Build.0 = Release|Any CPU
		{40660F40-66BF-4C1C-AEDB-83873F34C97C}.Debug|Any CPU.ActiveCfg = Debug|Any CPU
		{40660F40-66BF-4C1C-AEDB-83873F34C97C}.Debug|Any CPU.Build.0 = Debug|Any CPU
		{40660F40-66BF-4C1C-AEDB-83873F34C97C}.Release|Any CPU.ActiveCfg = Release|Any CPU
		{40660F40-66BF-4C1C-AEDB-83873F34C97C}.Release|Any CPU.Build.0 = Release|Any CPU
		{1F4F0173-4170-4F8B-BDEE-A76366833A17}.Debug|Any CPU.ActiveCfg = Debug|Any CPU
		{1F4F0173-4170-4F8B-BDEE-A76366833A17}.Debug|Any CPU.Build.0 = Debug|Any CPU
		{1F4F0173-4170-4F8B-BDEE-A76366833A17}.Release|Any CPU.ActiveCfg = Release|Any CPU
		{1F4F0173-4170-4F8B-BDEE-A76366833A17}.Release|Any CPU.Build.0 = Release|Any CPU
		{ACA6EA48-FC0A-4F54-9468-C9C822FCC018}.Debug|Any CPU.ActiveCfg = Debug|Any CPU
		{ACA6EA48-FC0A-4F54-9468-C9C822FCC018}.Debug|Any CPU.Build.0 = Debug|Any CPU
		{ACA6EA48-FC0A-4F54-9468-C9C822FCC018}.Release|Any CPU.ActiveCfg = Release|Any CPU
		{ACA6EA48-FC0A-4F54-9468-C9C822FCC018}.Release|Any CPU.Build.0 = Release|Any CPU
		{C66F9DAC-E736-4FE0-A94E-3376161D0901}.Debug|Any CPU.ActiveCfg = Debug|Any CPU
		{C66F9DAC-E736-4FE0-A94E-3376161D0901}.Debug|Any CPU.Build.0 = Debug|Any CPU
		{C66F9DAC-E736-4FE0-A94E-3376161D0901}.Release|Any CPU.ActiveCfg = Release|Any CPU
		{C66F9DAC-E736-4FE0-A94E-3376161D0901}.Release|Any CPU.Build.0 = Release|Any CPU
		{C6B60048-6284-4BCF-BB28-4F211A430E6F}.Debug|Any CPU.ActiveCfg = Debug|Any CPU
		{C6B60048-6284-4BCF-BB28-4F211A430E6F}.Debug|Any CPU.Build.0 = Debug|Any CPU
		{C6B60048-6284-4BCF-BB28-4F211A430E6F}.Release|Any CPU.ActiveCfg = Release|Any CPU
		{C6B60048-6284-4BCF-BB28-4F211A430E6F}.Release|Any CPU.Build.0 = Release|Any CPU
		{5563ED36-96A5-4154-B1E7-8758CAFCFA0C}.Debug|Any CPU.ActiveCfg = Debug|Any CPU
		{5563ED36-96A5-4154-B1E7-8758CAFCFA0C}.Debug|Any CPU.Build.0 = Debug|Any CPU
		{5563ED36-96A5-4154-B1E7-8758CAFCFA0C}.Release|Any CPU.ActiveCfg = Release|Any CPU
		{5563ED36-96A5-4154-B1E7-8758CAFCFA0C}.Release|Any CPU.Build.0 = Release|Any CPU
		{6A3887C7-4309-41BB-B325-9D17867AD603}.Debug|Any CPU.ActiveCfg = Debug|Any CPU
		{6A3887C7-4309-41BB-B325-9D17867AD603}.Debug|Any CPU.Build.0 = Debug|Any CPU
		{6A3887C7-4309-41BB-B325-9D17867AD603}.Release|Any CPU.ActiveCfg = Release|Any CPU
		{6A3887C7-4309-41BB-B325-9D17867AD603}.Release|Any CPU.Build.0 = Release|Any CPU
		{46A78F43-35A0-4001-91EE-ADA995232E09}.Debug|Any CPU.ActiveCfg = Debug|Any CPU
		{46A78F43-35A0-4001-91EE-ADA995232E09}.Debug|Any CPU.Build.0 = Debug|Any CPU
		{46A78F43-35A0-4001-91EE-ADA995232E09}.Release|Any CPU.ActiveCfg = Release|Any CPU
		{46A78F43-35A0-4001-91EE-ADA995232E09}.Release|Any CPU.Build.0 = Release|Any CPU
		{F8AB39C1-0B4E-464C-AA27-5CFB51A3DE18}.Debug|Any CPU.ActiveCfg = Debug|Any CPU
		{F8AB39C1-0B4E-464C-AA27-5CFB51A3DE18}.Debug|Any CPU.Build.0 = Debug|Any CPU
		{F8AB39C1-0B4E-464C-AA27-5CFB51A3DE18}.Release|Any CPU.ActiveCfg = Release|Any CPU
		{F8AB39C1-0B4E-464C-AA27-5CFB51A3DE18}.Release|Any CPU.Build.0 = Release|Any CPU
		{F8032D56-BFFB-425B-A527-ED9A46ED5E15}.Debug|Any CPU.ActiveCfg = Debug|Any CPU
		{F8032D56-BFFB-425B-A527-ED9A46ED5E15}.Debug|Any CPU.Build.0 = Debug|Any CPU
		{F8032D56-BFFB-425B-A527-ED9A46ED5E15}.Release|Any CPU.ActiveCfg = Release|Any CPU
		{F8032D56-BFFB-425B-A527-ED9A46ED5E15}.Release|Any CPU.Build.0 = Release|Any CPU
		{C7C8BA47-A4D4-4F9D-B5A4-86FEBD08AF5F}.Debug|Any CPU.ActiveCfg = Debug|Any CPU
		{C7C8BA47-A4D4-4F9D-B5A4-86FEBD08AF5F}.Debug|Any CPU.Build.0 = Debug|Any CPU
		{C7C8BA47-A4D4-4F9D-B5A4-86FEBD08AF5F}.Release|Any CPU.ActiveCfg = Release|Any CPU
		{C7C8BA47-A4D4-4F9D-B5A4-86FEBD08AF5F}.Release|Any CPU.Build.0 = Release|Any CPU
	EndGlobalSection
	GlobalSection(SolutionProperties) = preSolution
		HideSolutionNode = FALSE
	EndGlobalSection
	GlobalSection(NestedProjects) = preSolution
		{CD3DF154-E629-43CE-BEF0-882448505067} = {F351F7D8-3445-4B95-8A6C-36B6EA7A2C69}
		{94C0DFE5-9DF4-4F42-881F-D97A5E989C03} = {F351F7D8-3445-4B95-8A6C-36B6EA7A2C69}
		{68160BA6-0B7F-4039-AC7E-1A0035F488CE} = {F351F7D8-3445-4B95-8A6C-36B6EA7A2C69}
		{604502D1-942B-4606-8C9C-05245B882945} = {F351F7D8-3445-4B95-8A6C-36B6EA7A2C69}
		{7ABEBB4B-D598-46D0-A43B-2C0DF12A1827} = {F351F7D8-3445-4B95-8A6C-36B6EA7A2C69}
		{FD82E6D7-86F2-4741-84B2-8585F673F078} = {F351F7D8-3445-4B95-8A6C-36B6EA7A2C69}
		{183BEB88-7B20-4F3F-BA9B-4063CBC01536} = {F351F7D8-3445-4B95-8A6C-36B6EA7A2C69}
		{A5EF89B3-911B-47D8-B82D-FECF942BA29C} = {F351F7D8-3445-4B95-8A6C-36B6EA7A2C69}
		{4FE26AD0-408F-4CD4-917A-DA7D66104C00} = {F351F7D8-3445-4B95-8A6C-36B6EA7A2C69}
		{85B5BE92-EF17-4C89-AB0C-AE2EE5939CE3} = {1BE7EC1A-595B-418D-9220-807346DD77F7}
		{C601EFEF-325A-4337-AD89-120E9AB55819} = {77FD5ABC-6739-4003-970B-C45533E8A22F}
		{A714E7BE-A59B-45B2-8137-C8925571EACE} = {77FD5ABC-6739-4003-970B-C45533E8A22F}
		{77FD5ABC-6739-4003-970B-C45533E8A22F} = {DCA3D91B-8010-4801-99A0-D3AB75BA034A}
		{6514AC1A-56F7-4869-8C37-8E79A3543E85} = {DCA3D91B-8010-4801-99A0-D3AB75BA034A}
		{4A3364E6-4544-4F3E-9441-302A96A6D684} = {6514AC1A-56F7-4869-8C37-8E79A3543E85}
		{6FF02181-AE9E-4F47-8884-B6DE870E6E6B} = {6514AC1A-56F7-4869-8C37-8E79A3543E85}
		{77FC80E2-71E3-44F8-A6D1-516A9E6958A6} = {DCA3D91B-8010-4801-99A0-D3AB75BA034A}
		{3AD7DFB5-033C-49D2-8D0C-528D53A225D0} = {77FC80E2-71E3-44F8-A6D1-516A9E6958A6}
		{3122B4E7-6F8E-43F6-A577-A78C04482671} = {77FC80E2-71E3-44F8-A6D1-516A9E6958A6}
		{A1FF9E0C-56DA-4A5C-8C2D-AD7801A4B748} = {DCA3D91B-8010-4801-99A0-D3AB75BA034A}
		{A6CC069C-AC33-4232-9467-08358D89436D} = {A1FF9E0C-56DA-4A5C-8C2D-AD7801A4B748}
		{B945C29A-E098-47F9-AFA5-6FAC484BBDDF} = {A1FF9E0C-56DA-4A5C-8C2D-AD7801A4B748}
		{6C464196-4D92-495E-A000-B43C53B52AA5} = {1BE7EC1A-595B-418D-9220-807346DD77F7}
		{40660F40-66BF-4C1C-AEDB-83873F34C97C} = {6C464196-4D92-495E-A000-B43C53B52AA5}
		{1F4F0173-4170-4F8B-BDEE-A76366833A17} = {6C464196-4D92-495E-A000-B43C53B52AA5}
		{719EA5B4-20DA-4A20-9BC8-B81126C54AB4} = {DCA3D91B-8010-4801-99A0-D3AB75BA034A}
		{ACA6EA48-FC0A-4F54-9468-C9C822FCC018} = {719EA5B4-20DA-4A20-9BC8-B81126C54AB4}
		{C66F9DAC-E736-4FE0-A94E-3376161D0901} = {719EA5B4-20DA-4A20-9BC8-B81126C54AB4}
		{1A7E156B-A698-458E-B260-FF11AB6396D2} = {DCA3D91B-8010-4801-99A0-D3AB75BA034A}
		{C6B60048-6284-4BCF-BB28-4F211A430E6F} = {1A7E156B-A698-458E-B260-FF11AB6396D2}
		{5563ED36-96A5-4154-B1E7-8758CAFCFA0C} = {1A7E156B-A698-458E-B260-FF11AB6396D2}
		{F42C2971-31AD-4FA2-8983-A78F19276BFE} = {C41E5A3C-AEBE-489E-AF1F-36B4DB717766}
		{6A3887C7-4309-41BB-B325-9D17867AD603} = {F42C2971-31AD-4FA2-8983-A78F19276BFE}
		{46A78F43-35A0-4001-91EE-ADA995232E09} = {F42C2971-31AD-4FA2-8983-A78F19276BFE}
		{9DE77C5C-B9AA-45E1-9564-1A113016E569} = {C41E5A3C-AEBE-489E-AF1F-36B4DB717766}
		{F8AB39C1-0B4E-464C-AA27-5CFB51A3DE18} = {9DE77C5C-B9AA-45E1-9564-1A113016E569}
		{CD94B008-CB29-4B20-911D-C523ACECDD1C} = {C41E5A3C-AEBE-489E-AF1F-36B4DB717766}
		{F8032D56-BFFB-425B-A527-ED9A46ED5E15} = {CD94B008-CB29-4B20-911D-C523ACECDD1C}
		{C7C8BA47-A4D4-4F9D-B5A4-86FEBD08AF5F} = {CD94B008-CB29-4B20-911D-C523ACECDD1C}
	EndGlobalSection
	GlobalSection(ExtensibilityGlobals) = postSolution
		SolutionGuid = {622C2AF1-EC05-4FD2-A319-74C9E2835128}
	EndGlobalSection
EndGlobal
